
Microsoft Visual Studio Solution File, Format Version 12.00
Project("{FAE04EC0-301F-11D3-BF4B-00C04F79EFBC}") = "AdventOfCode2019", "AdventOfCode2019\AdventOfCode2019.csproj", "{79101CC7-E677-4BCC-91F8-3CEF9878FE8E}"
EndProject
Global
	GlobalSection(SolutionConfigurationPlatforms) = preSolution
		Debug|Any CPU = Debug|Any CPU
		Release|Any CPU = Release|Any CPU
	EndGlobalSection
	GlobalSection(ProjectConfigurationPlatforms) = postSolution
		{79101CC7-E677-4BCC-91F8-3CEF9878FE8E}.Debug|Any CPU.ActiveCfg = Debug|Any CPU
		{79101CC7-E677-4BCC-91F8-3CEF9878FE8E}.Debug|Any CPU.Build.0 = Debug|Any CPU
		{79101CC7-E677-4BCC-91F8-3CEF9878FE8E}.Release|Any CPU.ActiveCfg = Release|Any CPU
		{79101CC7-E677-4BCC-91F8-3CEF9878FE8E}.Release|Any CPU.Build.0 = Release|Any CPU
	EndGlobalSection
EndGlobal
